
Microsoft Visual Studio Solution File, Format Version 10.00
# Visual Studio 2008
Project("{8BC9CEB8-8B4A-11D0-8D11-00A0C91BC942}") = "PinTu", "PinTu\PinTu.vcproj", "{90704D11-0AE1-450C-93F1-8A9DB4CB400D}"
EndProject
Global
	GlobalSection(SolutionConfigurationPlatforms) = preSolution
		Debug|Win32 = Debug|Win32
		Release|Win32 = Release|Win32
	EndGlobalSection
	GlobalSection(ProjectConfigurationPlatforms) = postSolution
		{90704D11-0AE1-450C-93F1-8A9DB4CB400D}.Debug|Win32.ActiveCfg = Debug|Win32
		{90704D11-0AE1-450C-93F1-8A9DB4CB400D}.Debug|Win32.Build.0 = Debug|Win32
		{90704D11-0AE1-450C-93F1-8A9DB4CB400D}.Release|Win32.ActiveCfg = Release|Win32
		{90704D11-0AE1-450C-93F1-8A9DB4CB400D}.Release|Win32.Build.0 = Release|Win32
	EndGlobalSection
	GlobalSection(SolutionProperties) = preSolution
		HideSolutionNode = FALSE
	EndGlobalSection
EndGlobal
